// !$*UTF8*$!
{
	archiveVersion = 1;
	classes = {
	};
	objectVersion = 56;
	objects = {

/* Begin PBXBuildFile section */
		84532E7B2987A5EF002791B7 /* CharacterListVC.swift in Sources */ = {isa = PBXBuildFile; fileRef = 84532E7A2987A5EF002791B7 /* CharacterListVC.swift */; };
		84532E7D2987A642002791B7 /* FilmListVC.swift in Sources */ = {isa = PBXBuildFile; fileRef = 84532E7C2987A642002791B7 /* FilmListVC.swift */; };
		84532E7F2987ADE3002791B7 /* PlanetListVC.swift in Sources */ = {isa = PBXBuildFile; fileRef = 84532E7E2987ADE3002791B7 /* PlanetListVC.swift */; };
		84532E812987AE08002791B7 /* SpeciesListVC.swift in Sources */ = {isa = PBXBuildFile; fileRef = 84532E802987AE08002791B7 /* SpeciesListVC.swift */; };
		84532E832987AE1A002791B7 /* StarshipListVC.swift in Sources */ = {isa = PBXBuildFile; fileRef = 84532E822987AE1A002791B7 /* StarshipListVC.swift */; };
		84532E852987AE2B002791B7 /* VehicleListVC.swift in Sources */ = {isa = PBXBuildFile; fileRef = 84532E842987AE2B002791B7 /* VehicleListVC.swift */; };
		845797132986DA2B007D9A3E /* CategorySelectVC.swift in Sources */ = {isa = PBXBuildFile; fileRef = 845797122986DA2B007D9A3E /* CategorySelectVC.swift */; };
		846FC567298A3A3E00EE629A /* PeopleTableViewCell.swift in Sources */ = {isa = PBXBuildFile; fileRef = 846FC565298A3A3E00EE629A /* PeopleTableViewCell.swift */; };
		846FC568298A3A3E00EE629A /* PeopleTableViewCell.xib in Resources */ = {isa = PBXBuildFile; fileRef = 846FC566298A3A3E00EE629A /* PeopleTableViewCell.xib */; };
		846FC56B298A44EB00EE629A /* Alamofire in Frameworks */ = {isa = PBXBuildFile; productRef = 846FC56A298A44EB00EE629A /* Alamofire */; };
		847A494E2989677B008F7BEB /* People.swift in Sources */ = {isa = PBXBuildFile; fileRef = 847A494D2989677B008F7BEB /* People.swift */; };
		847A4950298969B1008F7BEB /* Films.swift in Sources */ = {isa = PBXBuildFile; fileRef = 847A494F298969B1008F7BEB /* Films.swift */; };
		847A495329896B50008F7BEB /* Planets.swift in Sources */ = {isa = PBXBuildFile; fileRef = 847A495229896B50008F7BEB /* Planets.swift */; };
		847A495529896CE9008F7BEB /* Species.swift in Sources */ = {isa = PBXBuildFile; fileRef = 847A495429896CE9008F7BEB /* Species.swift */; };
		847A495729897599008F7BEB /* Starships.swift in Sources */ = {isa = PBXBuildFile; fileRef = 847A495629897599008F7BEB /* Starships.swift */; };
		847A4959298975C5008F7BEB /* Vehicles.swift in Sources */ = {isa = PBXBuildFile; fileRef = 847A4958298975C5008F7BEB /* Vehicles.swift */; };
		848DB1BE298A9F010058FC6B /* FilmsTableViewCell.swift in Sources */ = {isa = PBXBuildFile; fileRef = 848DB1BC298A9F010058FC6B /* FilmsTableViewCell.swift */; };
		848DB1BF298A9F010058FC6B /* FilmsTableViewCell.xib in Resources */ = {isa = PBXBuildFile; fileRef = 848DB1BD298A9F010058FC6B /* FilmsTableViewCell.xib */; };
		84F859AE29864E1D00F63C09 /* AppDelegate.swift in Sources */ = {isa = PBXBuildFile; fileRef = 84F859AD29864E1D00F63C09 /* AppDelegate.swift */; };
		84F859B029864E1D00F63C09 /* SceneDelegate.swift in Sources */ = {isa = PBXBuildFile; fileRef = 84F859AF29864E1D00F63C09 /* SceneDelegate.swift */; };
		84F859B229864E1D00F63C09 /* MainVC.swift in Sources */ = {isa = PBXBuildFile; fileRef = 84F859B129864E1D00F63C09 /* MainVC.swift */; };
		84F859B529864E1D00F63C09 /* Main.storyboard in Resources */ = {isa = PBXBuildFile; fileRef = 84F859B329864E1D00F63C09 /* Main.storyboard */; };
		84F859B729864E1F00F63C09 /* Assets.xcassets in Resources */ = {isa = PBXBuildFile; fileRef = 84F859B629864E1F00F63C09 /* Assets.xcassets */; };
		84F859BA29864E1F00F63C09 /* LaunchScreen.storyboard in Resources */ = {isa = PBXBuildFile; fileRef = 84F859B829864E1F00F63C09 /* LaunchScreen.storyboard */; };
		84F859C529864E1F00F63C09 /* Star_WarsTests.swift in Sources */ = {isa = PBXBuildFile; fileRef = 84F859C429864E1F00F63C09 /* Star_WarsTests.swift */; };
		84F859CF29864E1F00F63C09 /* Star_WarsUITests.swift in Sources */ = {isa = PBXBuildFile; fileRef = 84F859CE29864E1F00F63C09 /* Star_WarsUITests.swift */; };
		84F859D129864E1F00F63C09 /* Star_WarsUITestsLaunchTests.swift in Sources */ = {isa = PBXBuildFile; fileRef = 84F859D029864E1F00F63C09 /* Star_WarsUITestsLaunchTests.swift */; };
/* End PBXBuildFile section */

/* Begin PBXContainerItemProxy section */
		84F859C129864E1F00F63C09 /* PBXContainerItemProxy */ = {
			isa = PBXContainerItemProxy;
			containerPortal = 84F859A229864E1D00F63C09 /* Project object */;
			proxyType = 1;
			remoteGlobalIDString = 84F859A929864E1D00F63C09;
			remoteInfo = "Star Wars";
		};
		84F859CB29864E1F00F63C09 /* PBXContainerItemProxy */ = {
			isa = PBXContainerItemProxy;
			containerPortal = 84F859A229864E1D00F63C09 /* Project object */;
			proxyType = 1;
			remoteGlobalIDString = 84F859A929864E1D00F63C09;
			remoteInfo = "Star Wars";
		};
/* End PBXContainerItemProxy section */

/* Begin PBXFileReference section */
		84532E7A2987A5EF002791B7 /* CharacterListVC.swift */ = {isa = PBXFileReference; lastKnownFileType = sourcecode.swift; path = CharacterListVC.swift; sourceTree = "<group>"; };
		84532E7C2987A642002791B7 /* FilmListVC.swift */ = {isa = PBXFileReference; lastKnownFileType = sourcecode.swift; path = FilmListVC.swift; sourceTree = "<group>"; };
		84532E7E2987ADE3002791B7 /* PlanetListVC.swift */ = {isa = PBXFileReference; lastKnownFileType = sourcecode.swift; path = PlanetListVC.swift; sourceTree = "<group>"; };
		84532E802987AE08002791B7 /* SpeciesListVC.swift */ = {isa = PBXFileReference; lastKnownFileType = sourcecode.swift; path = SpeciesListVC.swift; sourceTree = "<group>"; };
		84532E822987AE1A002791B7 /* StarshipListVC.swift */ = {isa = PBXFileReference; lastKnownFileType = sourcecode.swift; path = StarshipListVC.swift; sourceTree = "<group>"; };
		84532E842987AE2B002791B7 /* VehicleListVC.swift */ = {isa = PBXFileReference; lastKnownFileType = sourcecode.swift; path = VehicleListVC.swift; sourceTree = "<group>"; };
		845487442986624F0004F477 /* en */ = {isa = PBXFileReference; lastKnownFileType = text.plist.strings; name = en; path = en.lproj/LaunchScreen.strings; sourceTree = "<group>"; };
		845797122986DA2B007D9A3E /* CategorySelectVC.swift */ = {isa = PBXFileReference; lastKnownFileType = sourcecode.swift; path = CategorySelectVC.swift; sourceTree = "<group>"; };
		846FC565298A3A3E00EE629A /* PeopleTableViewCell.swift */ = {isa = PBXFileReference; lastKnownFileType = sourcecode.swift; path = PeopleTableViewCell.swift; sourceTree = "<group>"; };
		846FC566298A3A3E00EE629A /* PeopleTableViewCell.xib */ = {isa = PBXFileReference; lastKnownFileType = file.xib; path = PeopleTableViewCell.xib; sourceTree = "<group>"; };
		847A494D2989677B008F7BEB /* People.swift */ = {isa = PBXFileReference; lastKnownFileType = sourcecode.swift; path = People.swift; sourceTree = "<group>"; };
		847A494F298969B1008F7BEB /* Films.swift */ = {isa = PBXFileReference; lastKnownFileType = sourcecode.swift; path = Films.swift; sourceTree = "<group>"; };
		847A495229896B50008F7BEB /* Planets.swift */ = {isa = PBXFileReference; lastKnownFileType = sourcecode.swift; path = Planets.swift; sourceTree = "<group>"; };
		847A495429896CE9008F7BEB /* Species.swift */ = {isa = PBXFileReference; lastKnownFileType = sourcecode.swift; path = Species.swift; sourceTree = "<group>"; };
		847A495629897599008F7BEB /* Starships.swift */ = {isa = PBXFileReference; lastKnownFileType = sourcecode.swift; path = Starships.swift; sourceTree = "<group>"; };
		847A4958298975C5008F7BEB /* Vehicles.swift */ = {isa = PBXFileReference; lastKnownFileType = sourcecode.swift; path = Vehicles.swift; sourceTree = "<group>"; };
		848DB1BC298A9F010058FC6B /* FilmsTableViewCell.swift */ = {isa = PBXFileReference; lastKnownFileType = sourcecode.swift; path = FilmsTableViewCell.swift; sourceTree = "<group>"; };
		848DB1BD298A9F010058FC6B /* FilmsTableViewCell.xib */ = {isa = PBXFileReference; lastKnownFileType = file.xib; path = FilmsTableViewCell.xib; sourceTree = "<group>"; };
		84F859AA29864E1D00F63C09 /* Star Wars.app */ = {isa = PBXFileReference; explicitFileType = wrapper.application; includeInIndex = 0; path = "Star Wars.app"; sourceTree = BUILT_PRODUCTS_DIR; };
		84F859AD29864E1D00F63C09 /* AppDelegate.swift */ = {isa = PBXFileReference; lastKnownFileType = sourcecode.swift; path = AppDelegate.swift; sourceTree = "<group>"; };
		84F859AF29864E1D00F63C09 /* SceneDelegate.swift */ = {isa = PBXFileReference; lastKnownFileType = sourcecode.swift; path = SceneDelegate.swift; sourceTree = "<group>"; };
		84F859B129864E1D00F63C09 /* MainVC.swift */ = {isa = PBXFileReference; lastKnownFileType = sourcecode.swift; path = MainVC.swift; sourceTree = "<group>"; };
		84F859B429864E1D00F63C09 /* Base */ = {isa = PBXFileReference; lastKnownFileType = file.storyboard; name = Base; path = Base.lproj/Main.storyboard; sourceTree = "<group>"; };
		84F859B629864E1F00F63C09 /* Assets.xcassets */ = {isa = PBXFileReference; lastKnownFileType = folder.assetcatalog; path = Assets.xcassets; sourceTree = "<group>"; };
		84F859B929864E1F00F63C09 /* Base */ = {isa = PBXFileReference; lastKnownFileType = file.storyboard; name = Base; path = Base.lproj/LaunchScreen.storyboard; sourceTree = "<group>"; };
		84F859BB29864E1F00F63C09 /* Info.plist */ = {isa = PBXFileReference; lastKnownFileType = text.plist.xml; path = Info.plist; sourceTree = "<group>"; };
		84F859C029864E1F00F63C09 /* Star WarsTests.xctest */ = {isa = PBXFileReference; explicitFileType = wrapper.cfbundle; includeInIndex = 0; path = "Star WarsTests.xctest"; sourceTree = BUILT_PRODUCTS_DIR; };
		84F859C429864E1F00F63C09 /* Star_WarsTests.swift */ = {isa = PBXFileReference; lastKnownFileType = sourcecode.swift; path = Star_WarsTests.swift; sourceTree = "<group>"; };
		84F859CA29864E1F00F63C09 /* Star WarsUITests.xctest */ = {isa = PBXFileReference; explicitFileType = wrapper.cfbundle; includeInIndex = 0; path = "Star WarsUITests.xctest"; sourceTree = BUILT_PRODUCTS_DIR; };
		84F859CE29864E1F00F63C09 /* Star_WarsUITests.swift */ = {isa = PBXFileReference; lastKnownFileType = sourcecode.swift; path = Star_WarsUITests.swift; sourceTree = "<group>"; };
		84F859D029864E1F00F63C09 /* Star_WarsUITestsLaunchTests.swift */ = {isa = PBXFileReference; lastKnownFileType = sourcecode.swift; path = Star_WarsUITestsLaunchTests.swift; sourceTree = "<group>"; };
/* End PBXFileReference section */

/* Begin PBXFrameworksBuildPhase section */
		84F859A729864E1D00F63C09 /* Frameworks */ = {
			isa = PBXFrameworksBuildPhase;
			buildActionMask = 2147483647;
			files = (
				846FC56B298A44EB00EE629A /* Alamofire in Frameworks */,
			);
			runOnlyForDeploymentPostprocessing = 0;
		};
		84F859BD29864E1F00F63C09 /* Frameworks */ = {
			isa = PBXFrameworksBuildPhase;
			buildActionMask = 2147483647;
			files = (
			);
			runOnlyForDeploymentPostprocessing = 0;
		};
		84F859C729864E1F00F63C09 /* Frameworks */ = {
			isa = PBXFrameworksBuildPhase;
			buildActionMask = 2147483647;
			files = (
			);
			runOnlyForDeploymentPostprocessing = 0;
		};
/* End PBXFrameworksBuildPhase section */

/* Begin PBXGroup section */
		847A494A298960FC008F7BEB /* Views */ = {
			isa = PBXGroup;
			children = (
				848DB1BB298A9C030058FC6B /* Cells */,
				84F859B129864E1D00F63C09 /* MainVC.swift */,
				845797122986DA2B007D9A3E /* CategorySelectVC.swift */,
				84532E7A2987A5EF002791B7 /* CharacterListVC.swift */,
				84532E7C2987A642002791B7 /* FilmListVC.swift */,
				84532E7E2987ADE3002791B7 /* PlanetListVC.swift */,
				84532E802987AE08002791B7 /* SpeciesListVC.swift */,
				84532E822987AE1A002791B7 /* StarshipListVC.swift */,
				84532E842987AE2B002791B7 /* VehicleListVC.swift */,
			);
			path = Views;
			sourceTree = "<group>";
		};
		847A494B29896283008F7BEB /* API */ = {
			isa = PBXGroup;
			children = (
				847A494C29896293008F7BEB /* Models */,
			);
			path = API;
			sourceTree = "<group>";
		};
		847A494C29896293008F7BEB /* Models */ = {
			isa = PBXGroup;
			children = (
				847A494D2989677B008F7BEB /* People.swift */,
				847A494F298969B1008F7BEB /* Films.swift */,
				847A495229896B50008F7BEB /* Planets.swift */,
				847A495429896CE9008F7BEB /* Species.swift */,
				847A495629897599008F7BEB /* Starships.swift */,
				847A4958298975C5008F7BEB /* Vehicles.swift */,
			);
			path = Models;
			sourceTree = "<group>";
		};
		848DB1BB298A9C030058FC6B /* Cells */ = {
			isa = PBXGroup;
			children = (
				846FC565298A3A3E00EE629A /* PeopleTableViewCell.swift */,
				846FC566298A3A3E00EE629A /* PeopleTableViewCell.xib */,
				848DB1BC298A9F010058FC6B /* FilmsTableViewCell.swift */,
				848DB1BD298A9F010058FC6B /* FilmsTableViewCell.xib */,
			);
			path = Cells;
			sourceTree = "<group>";
		};
		84F859A129864E1D00F63C09 = {
			isa = PBXGroup;
			children = (
				84F859AC29864E1D00F63C09 /* Star Wars */,
				84F859C329864E1F00F63C09 /* Star WarsTests */,
				84F859CD29864E1F00F63C09 /* Star WarsUITests */,
				84F859AB29864E1D00F63C09 /* Products */,
			);
			sourceTree = "<group>";
		};
		84F859AB29864E1D00F63C09 /* Products */ = {
			isa = PBXGroup;
			children = (
				84F859AA29864E1D00F63C09 /* Star Wars.app */,
				84F859C029864E1F00F63C09 /* Star WarsTests.xctest */,
				84F859CA29864E1F00F63C09 /* Star WarsUITests.xctest */,
			);
			name = Products;
			sourceTree = "<group>";
		};
		84F859AC29864E1D00F63C09 /* Star Wars */ = {
			isa = PBXGroup;
			children = (
				847A494B29896283008F7BEB /* API */,
				847A494A298960FC008F7BEB /* Views */,
				84F859AD29864E1D00F63C09 /* AppDelegate.swift */,
				84F859AF29864E1D00F63C09 /* SceneDelegate.swift */,
				84F859B329864E1D00F63C09 /* Main.storyboard */,
				84F859B629864E1F00F63C09 /* Assets.xcassets */,
				84F859B829864E1F00F63C09 /* LaunchScreen.storyboard */,
				84F859BB29864E1F00F63C09 /* Info.plist */,
			);
			path = "Star Wars";
			sourceTree = "<group>";
		};
		84F859C329864E1F00F63C09 /* Star WarsTests */ = {
			isa = PBXGroup;
			children = (
				84F859C429864E1F00F63C09 /* Star_WarsTests.swift */,
			);
			path = "Star WarsTests";
			sourceTree = "<group>";
		};
		84F859CD29864E1F00F63C09 /* Star WarsUITests */ = {
			isa = PBXGroup;
			children = (
				84F859CE29864E1F00F63C09 /* Star_WarsUITests.swift */,
				84F859D029864E1F00F63C09 /* Star_WarsUITestsLaunchTests.swift */,
			);
			path = "Star WarsUITests";
			sourceTree = "<group>";
		};
/* End PBXGroup section */

/* Begin PBXNativeTarget section */
		84F859A929864E1D00F63C09 /* Star Wars */ = {
			isa = PBXNativeTarget;
			buildConfigurationList = 84F859D429864E1F00F63C09 /* Build configuration list for PBXNativeTarget "Star Wars" */;
			buildPhases = (
				84F859A629864E1D00F63C09 /* Sources */,
				84F859A729864E1D00F63C09 /* Frameworks */,
				84F859A829864E1D00F63C09 /* Resources */,
			);
			buildRules = (
			);
			dependencies = (
			);
			name = "Star Wars";
			packageProductDependencies = (
				846FC56A298A44EB00EE629A /* Alamofire */,
			);
			productName = "Star Wars";
			productReference = 84F859AA29864E1D00F63C09 /* Star Wars.app */;
			productType = "com.apple.product-type.application";
		};
		84F859BF29864E1F00F63C09 /* Star WarsTests */ = {
			isa = PBXNativeTarget;
			buildConfigurationList = 84F859D729864E1F00F63C09 /* Build configuration list for PBXNativeTarget "Star WarsTests" */;
			buildPhases = (
				84F859BC29864E1F00F63C09 /* Sources */,
				84F859BD29864E1F00F63C09 /* Frameworks */,
				84F859BE29864E1F00F63C09 /* Resources */,
			);
			buildRules = (
			);
			dependencies = (
				84F859C229864E1F00F63C09 /* PBXTargetDependency */,
			);
			name = "Star WarsTests";
			productName = "Star WarsTests";
			productReference = 84F859C029864E1F00F63C09 /* Star WarsTests.xctest */;
			productType = "com.apple.product-type.bundle.unit-test";
		};
		84F859C929864E1F00F63C09 /* Star WarsUITests */ = {
			isa = PBXNativeTarget;
			buildConfigurationList = 84F859DA29864E1F00F63C09 /* Build configuration list for PBXNativeTarget "Star WarsUITests" */;
			buildPhases = (
				84F859C629864E1F00F63C09 /* Sources */,
				84F859C729864E1F00F63C09 /* Frameworks */,
				84F859C829864E1F00F63C09 /* Resources */,
			);
			buildRules = (
			);
			dependencies = (
				84F859CC29864E1F00F63C09 /* PBXTargetDependency */,
			);
			name = "Star WarsUITests";
			productName = "Star WarsUITests";
			productReference = 84F859CA29864E1F00F63C09 /* Star WarsUITests.xctest */;
			productType = "com.apple.product-type.bundle.ui-testing";
		};
/* End PBXNativeTarget section */

/* Begin PBXProject section */
		84F859A229864E1D00F63C09 /* Project object */ = {
			isa = PBXProject;
			attributes = {
				BuildIndependentTargetsInParallel = 1;
				LastSwiftUpdateCheck = 1420;
				LastUpgradeCheck = 1420;
				TargetAttributes = {
					84F859A929864E1D00F63C09 = {
						CreatedOnToolsVersion = 14.2;
					};
					84F859BF29864E1F00F63C09 = {
						CreatedOnToolsVersion = 14.2;
						TestTargetID = 84F859A929864E1D00F63C09;
					};
					84F859C929864E1F00F63C09 = {
						CreatedOnToolsVersion = 14.2;
						TestTargetID = 84F859A929864E1D00F63C09;
					};
				};
			};
			buildConfigurationList = 84F859A529864E1D00F63C09 /* Build configuration list for PBXProject "Star Wars" */;
			compatibilityVersion = "Xcode 14.0";
			developmentRegion = en;
			hasScannedForEncodings = 0;
			knownRegions = (
				en,
				Base,
			);
			mainGroup = 84F859A129864E1D00F63C09;
			packageReferences = (
				846FC569298A44EB00EE629A /* XCRemoteSwiftPackageReference "Alamofire" */,
			);
			productRefGroup = 84F859AB29864E1D00F63C09 /* Products */;
			projectDirPath = "";
			projectRoot = "";
			targets = (
				84F859A929864E1D00F63C09 /* Star Wars */,
				84F859BF29864E1F00F63C09 /* Star WarsTests */,
				84F859C929864E1F00F63C09 /* Star WarsUITests */,
			);
		};
/* End PBXProject section */

/* Begin PBXResourcesBuildPhase section */
		84F859A829864E1D00F63C09 /* Resources */ = {
			isa = PBXResourcesBuildPhase;
			buildActionMask = 2147483647;
			files = (
				84F859BA29864E1F00F63C09 /* LaunchScreen.storyboard in Resources */,
				84F859B729864E1F00F63C09 /* Assets.xcassets in Resources */,
				848DB1BF298A9F010058FC6B /* FilmsTableViewCell.xib in Resources */,
				84F859B529864E1D00F63C09 /* Main.storyboard in Resources */,
				846FC568298A3A3E00EE629A /* PeopleTableViewCell.xib in Resources */,
			);
			runOnlyForDeploymentPostprocessing = 0;
		};
		84F859BE29864E1F00F63C09 /* Resources */ = {
			isa = PBXResourcesBuildPhase;
			buildActionMask = 2147483647;
			files = (
			);
			runOnlyForDeploymentPostprocessing = 0;
		};
		84F859C829864E1F00F63C09 /* Resources */ = {
			isa = PBXResourcesBuildPhase;
			buildActionMask = 2147483647;
			files = (
			);
			runOnlyForDeploymentPostprocessing = 0;
		};
/* End PBXResourcesBuildPhase section */

/* Begin PBXSourcesBuildPhase section */
		84F859A629864E1D00F63C09 /* Sources */ = {
			isa = PBXSourcesBuildPhase;
			buildActionMask = 2147483647;
			files = (
				84532E7D2987A642002791B7 /* FilmListVC.swift in Sources */,
				847A495329896B50008F7BEB /* Planets.swift in Sources */,
				846FC567298A3A3E00EE629A /* PeopleTableViewCell.swift in Sources */,
				847A4950298969B1008F7BEB /* Films.swift in Sources */,
				845797132986DA2B007D9A3E /* CategorySelectVC.swift in Sources */,
				84532E832987AE1A002791B7 /* StarshipListVC.swift in Sources */,
				84532E7B2987A5EF002791B7 /* CharacterListVC.swift in Sources */,
				848DB1BE298A9F010058FC6B /* FilmsTableViewCell.swift in Sources */,
				847A494E2989677B008F7BEB /* People.swift in Sources */,
				84F859B229864E1D00F63C09 /* MainVC.swift in Sources */,
				84F859AE29864E1D00F63C09 /* AppDelegate.swift in Sources */,
				84F859B029864E1D00F63C09 /* SceneDelegate.swift in Sources */,
				847A495529896CE9008F7BEB /* Species.swift in Sources */,
				847A4959298975C5008F7BEB /* Vehicles.swift in Sources */,
				847A495729897599008F7BEB /* Starships.swift in Sources */,
				84532E852987AE2B002791B7 /* VehicleListVC.swift in Sources */,
				84532E7F2987ADE3002791B7 /* PlanetListVC.swift in Sources */,
				84532E812987AE08002791B7 /* SpeciesListVC.swift in Sources */,
			);
			runOnlyForDeploymentPostprocessing = 0;
		};
		84F859BC29864E1F00F63C09 /* Sources */ = {
			isa = PBXSourcesBuildPhase;
			buildActionMask = 2147483647;
			files = (
				84F859C529864E1F00F63C09 /* Star_WarsTests.swift in Sources */,
			);
			runOnlyForDeploymentPostprocessing = 0;
		};
		84F859C629864E1F00F63C09 /* Sources */ = {
			isa = PBXSourcesBuildPhase;
			buildActionMask = 2147483647;
			files = (
				84F859CF29864E1F00F63C09 /* Star_WarsUITests.swift in Sources */,
				84F859D129864E1F00F63C09 /* Star_WarsUITestsLaunchTests.swift in Sources */,
			);
			runOnlyForDeploymentPostprocessing = 0;
		};
/* End PBXSourcesBuildPhase section */

/* Begin PBXTargetDependency section */
		84F859C229864E1F00F63C09 /* PBXTargetDependency */ = {
			isa = PBXTargetDependency;
			target = 84F859A929864E1D00F63C09 /* Star Wars */;
			targetProxy = 84F859C129864E1F00F63C09 /* PBXContainerItemProxy */;
		};
		84F859CC29864E1F00F63C09 /* PBXTargetDependency */ = {
			isa = PBXTargetDependency;
			target = 84F859A929864E1D00F63C09 /* Star Wars */;
			targetProxy = 84F859CB29864E1F00F63C09 /* PBXContainerItemProxy */;
		};
/* End PBXTargetDependency section */

/* Begin PBXVariantGroup section */
		84F859B329864E1D00F63C09 /* Main.storyboard */ = {
			isa = PBXVariantGroup;
			children = (
				84F859B429864E1D00F63C09 /* Base */,
			);
			name = Main.storyboard;
			sourceTree = "<group>";
		};
		84F859B829864E1F00F63C09 /* LaunchScreen.storyboard */ = {
			isa = PBXVariantGroup;
			children = (
				84F859B929864E1F00F63C09 /* Base */,
				845487442986624F0004F477 /* en */,
			);
			name = LaunchScreen.storyboard;
			sourceTree = "<group>";
		};
/* End PBXVariantGroup section */

/* Begin XCBuildConfiguration section */
		84F859D229864E1F00F63C09 /* Debug */ = {
			isa = XCBuildConfiguration;
			buildSettings = {
				ALWAYS_SEARCH_USER_PATHS = NO;
				CLANG_ANALYZER_NONNULL = YES;
				CLANG_ANALYZER_NUMBER_OBJECT_CONVERSION = YES_AGGRESSIVE;
				CLANG_CXX_LANGUAGE_STANDARD = "gnu++20";
				CLANG_ENABLE_MODULES = YES;
				CLANG_ENABLE_OBJC_ARC = YES;
				CLANG_ENABLE_OBJC_WEAK = YES;
				CLANG_WARN_BLOCK_CAPTURE_AUTORELEASING = YES;
				CLANG_WARN_BOOL_CONVERSION = YES;
				CLANG_WARN_COMMA = YES;
				CLANG_WARN_CONSTANT_CONVERSION = YES;
				CLANG_WARN_DEPRECATED_OBJC_IMPLEMENTATIONS = YES;
				CLANG_WARN_DIRECT_OBJC_ISA_USAGE = YES_ERROR;
				CLANG_WARN_DOCUMENTATION_COMMENTS = YES;
				CLANG_WARN_EMPTY_BODY = YES;
				CLANG_WARN_ENUM_CONVERSION = YES;
				CLANG_WARN_INFINITE_RECURSION = YES;
				CLANG_WARN_INT_CONVERSION = YES;
				CLANG_WARN_NON_LITERAL_NULL_CONVERSION = YES;
				CLANG_WARN_OBJC_IMPLICIT_RETAIN_SELF = YES;
				CLANG_WARN_OBJC_LITERAL_CONVERSION = YES;
				CLANG_WARN_OBJC_ROOT_CLASS = YES_ERROR;
				CLANG_WARN_QUOTED_INCLUDE_IN_FRAMEWORK_HEADER = YES;
				CLANG_WARN_RANGE_LOOP_ANALYSIS = YES;
				CLANG_WARN_STRICT_PROTOTYPES = YES;
				CLANG_WARN_SUSPICIOUS_MOVE = YES;
				CLANG_WARN_UNGUARDED_AVAILABILITY = YES_AGGRESSIVE;
				CLANG_WARN_UNREACHABLE_CODE = YES;
				CLANG_WARN__DUPLICATE_METHOD_MATCH = YES;
				COPY_PHASE_STRIP = NO;
				DEBUG_INFORMATION_FORMAT = dwarf;
				ENABLE_STRICT_OBJC_MSGSEND = YES;
				ENABLE_TESTABILITY = YES;
				GCC_C_LANGUAGE_STANDARD = gnu11;
				GCC_DYNAMIC_NO_PIC = NO;
				GCC_NO_COMMON_BLOCKS = YES;
				GCC_OPTIMIZATION_LEVEL = 0;
				GCC_PREPROCESSOR_DEFINITIONS = (
					"DEBUG=1",
					"$(inherited)",
				);
				GCC_WARN_64_TO_32_BIT_CONVERSION = YES;
				GCC_WARN_ABOUT_RETURN_TYPE = YES_ERROR;
				GCC_WARN_UNDECLARED_SELECTOR = YES;
				GCC_WARN_UNINITIALIZED_AUTOS = YES_AGGRESSIVE;
				GCC_WARN_UNUSED_FUNCTION = YES;
				GCC_WARN_UNUSED_VARIABLE = YES;
				IPHONEOS_DEPLOYMENT_TARGET = 16.2;
				MTL_ENABLE_DEBUG_INFO = INCLUDE_SOURCE;
				MTL_FAST_MATH = YES;
				ONLY_ACTIVE_ARCH = YES;
				SDKROOT = iphoneos;
				SWIFT_ACTIVE_COMPILATION_CONDITIONS = DEBUG;
				SWIFT_OPTIMIZATION_LEVEL = "-Onone";
			};
			name = Debug;
		};
		84F859D329864E1F00F63C09 /* Release */ = {
			isa = XCBuildConfiguration;
			buildSettings = {
				ALWAYS_SEARCH_USER_PATHS = NO;
				CLANG_ANALYZER_NONNULL = YES;
				CLANG_ANALYZER_NUMBER_OBJECT_CONVERSION = YES_AGGRESSIVE;
				CLANG_CXX_LANGUAGE_STANDARD = "gnu++20";
				CLANG_ENABLE_MODULES = YES;
				CLANG_ENABLE_OBJC_ARC = YES;
				CLANG_ENABLE_OBJC_WEAK = YES;
				CLANG_WARN_BLOCK_CAPTURE_AUTORELEASING = YES;
				CLANG_WARN_BOOL_CONVERSION = YES;
				CLANG_WARN_COMMA = YES;
				CLANG_WARN_CONSTANT_CONVERSION = YES;
				CLANG_WARN_DEPRECATED_OBJC_IMPLEMENTATIONS = YES;
				CLANG_WARN_DIRECT_OBJC_ISA_USAGE = YES_ERROR;
				CLANG_WARN_DOCUMENTATION_COMMENTS = YES;
				CLANG_WARN_EMPTY_BODY = YES;
				CLANG_WARN_ENUM_CONVERSION = YES;
				CLANG_WARN_INFINITE_RECURSION = YES;
				CLANG_WARN_INT_CONVERSION = YES;
				CLANG_WARN_NON_LITERAL_NULL_CONVERSION = YES;
				CLANG_WARN_OBJC_IMPLICIT_RETAIN_SELF = YES;
				CLANG_WARN_OBJC_LITERAL_CONVERSION = YES;
				CLANG_WARN_OBJC_ROOT_CLASS = YES_ERROR;
				CLANG_WARN_QUOTED_INCLUDE_IN_FRAMEWORK_HEADER = YES;
				CLANG_WARN_RANGE_LOOP_ANALYSIS = YES;
				CLANG_WARN_STRICT_PROTOTYPES = YES;
				CLANG_WARN_SUSPICIOUS_MOVE = YES;
				CLANG_WARN_UNGUARDED_AVAILABILITY = YES_AGGRESSIVE;
				CLANG_WARN_UNREACHABLE_CODE = YES;
				CLANG_WARN__DUPLICATE_METHOD_MATCH = YES;
				COPY_PHASE_STRIP = NO;
				DEBUG_INFORMATION_FORMAT = "dwarf-with-dsym";
				ENABLE_NS_ASSERTIONS = NO;
				ENABLE_STRICT_OBJC_MSGSEND = YES;
				GCC_C_LANGUAGE_STANDARD = gnu11;
				GCC_NO_COMMON_BLOCKS = YES;
				GCC_WARN_64_TO_32_BIT_CONVERSION = YES;
				GCC_WARN_ABOUT_RETURN_TYPE = YES_ERROR;
				GCC_WARN_UNDECLARED_SELECTOR = YES;
				GCC_WARN_UNINITIALIZED_AUTOS = YES_AGGRESSIVE;
				GCC_WARN_UNUSED_FUNCTION = YES;
				GCC_WARN_UNUSED_VARIABLE = YES;
				IPHONEOS_DEPLOYMENT_TARGET = 16.2;
				MTL_ENABLE_DEBUG_INFO = NO;
				MTL_FAST_MATH = YES;
				SDKROOT = iphoneos;
				SWIFT_COMPILATION_MODE = wholemodule;
				SWIFT_OPTIMIZATION_LEVEL = "-O";
				VALIDATE_PRODUCT = YES;
			};
			name = Release;
		};
		84F859D529864E1F00F63C09 /* Debug */ = {
			isa = XCBuildConfiguration;
			buildSettings = {
				ASSETCATALOG_COMPILER_APPICON_NAME = AppIcon;
				ASSETCATALOG_COMPILER_GLOBAL_ACCENT_COLOR_NAME = AccentColor;
				CODE_SIGN_STYLE = Automatic;
				CURRENT_PROJECT_VERSION = 1;
				DEVELOPMENT_TEAM = BKTS288NB2;
				GENERATE_INFOPLIST_FILE = YES;
				INFOPLIST_FILE = "Star Wars/Info.plist";
				INFOPLIST_KEY_UIApplicationSupportsIndirectInputEvents = YES;
				INFOPLIST_KEY_UILaunchStoryboardName = LaunchScreen;
				INFOPLIST_KEY_UIMainStoryboardFile = Main;
				INFOPLIST_KEY_UIRequiresFullScreen = YES;
				INFOPLIST_KEY_UIStatusBarStyle = "";
				INFOPLIST_KEY_UISupportedInterfaceOrientations = UIInterfaceOrientationPortrait;
				IPHONEOS_DEPLOYMENT_TARGET = 12.0;
				LD_RUNPATH_SEARCH_PATHS = (
					"$(inherited)",
					"@executable_path/Frameworks",
				);
				MARKETING_VERSION = 1.0;
				PRODUCT_BUNDLE_IDENTIFIER = "bazdyrev.Star-Wars";
				PRODUCT_NAME = "$(TARGET_NAME)";
				SWIFT_EMIT_LOC_STRINGS = YES;
				SWIFT_VERSION = 5.0;
				TARGETED_DEVICE_FAMILY = "1,2";
			};
			name = Debug;
		};
		84F859D629864E1F00F63C09 /* Release */ = {
			isa = XCBuildConfiguration;
			buildSettings = {
				ASSETCATALOG_COMPILER_APPICON_NAME = AppIcon;
				ASSETCATALOG_COMPILER_GLOBAL_ACCENT_COLOR_NAME = AccentColor;
				CODE_SIGN_STYLE = Automatic;
				CURRENT_PROJECT_VERSION = 1;
				DEVELOPMENT_TEAM = BKTS288NB2;
				GENERATE_INFOPLIST_FILE = YES;
				INFOPLIST_FILE = "Star Wars/Info.plist";
				INFOPLIST_KEY_UIApplicationSupportsIndirectInputEvents = YES;
				INFOPLIST_KEY_UILaunchStoryboardName = LaunchScreen;
				INFOPLIST_KEY_UIMainStoryboardFile = Main;
				INFOPLIST_KEY_UIRequiresFullScreen = YES;
				INFOPLIST_KEY_UIStatusBarStyle = "";
				INFOPLIST_KEY_UISupportedInterfaceOrientations = UIInterfaceOrientationPortrait;
				IPHONEOS_DEPLOYMENT_TARGET = 12.0;
				LD_RUNPATH_SEARCH_PATHS = (
					"$(inherited)",
					"@executable_path/Frameworks",
				);
				MARKETING_VERSION = 1.0;
				PRODUCT_BUNDLE_IDENTIFIER = "bazdyrev.Star-Wars";
				PRODUCT_NAME = "$(TARGET_NAME)";
				SWIFT_EMIT_LOC_STRINGS = YES;
				SWIFT_VERSION = 5.0;
				TARGETED_DEVICE_FAMILY = "1,2";
			};
			name = Release;
		};
		84F859D829864E1F00F63C09 /* Debug */ = {
			isa = XCBuildConfiguration;
			buildSettings = {
				ALWAYS_EMBED_SWIFT_STANDARD_LIBRARIES = YES;
				BUNDLE_LOADER = "$(TEST_HOST)";
				CODE_SIGN_STYLE = Automatic;
				CURRENT_PROJECT_VERSION = 1;
				GENERATE_INFOPLIST_FILE = YES;
				IPHONEOS_DEPLOYMENT_TARGET = 16.2;
				MARKETING_VERSION = 1.0;
				PRODUCT_BUNDLE_IDENTIFIER = "bazdyrev.Star-WarsTests";
				PRODUCT_NAME = "$(TARGET_NAME)";
				SWIFT_EMIT_LOC_STRINGS = NO;
				SWIFT_VERSION = 5.0;
				TARGETED_DEVICE_FAMILY = "1,2";
				TEST_HOST = "$(BUILT_PRODUCTS_DIR)/Star Wars.app/$(BUNDLE_EXECUTABLE_FOLDER_PATH)/Star Wars";
			};
			name = Debug;
		};
		84F859D929864E1F00F63C09 /* Release */ = {
			isa = XCBuildConfiguration;
			buildSettings = {
				ALWAYS_EMBED_SWIFT_STANDARD_LIBRARIES = YES;
				BUNDLE_LOADER = "$(TEST_HOST)";
				CODE_SIGN_STYLE = Automatic;
				CURRENT_PROJECT_VERSION = 1;
				GENERATE_INFOPLIST_FILE = YES;
				IPHONEOS_DEPLOYMENT_TARGET = 16.2;
				MARKETING_VERSION = 1.0;
				PRODUCT_BUNDLE_IDENTIFIER = "bazdyrev.Star-WarsTests";
				PRODUCT_NAME = "$(TARGET_NAME)";
				SWIFT_EMIT_LOC_STRINGS = NO;
				SWIFT_VERSION = 5.0;
				TARGETED_DEVICE_FAMILY = "1,2";
				TEST_HOST = "$(BUILT_PRODUCTS_DIR)/Star Wars.app/$(BUNDLE_EXECUTABLE_FOLDER_PATH)/Star Wars";
			};
			name = Release;
		};
		84F859DB29864E1F00F63C09 /* Debug */ = {
			isa = XCBuildConfiguration;
			buildSettings = {
				ALWAYS_EMBED_SWIFT_STANDARD_LIBRARIES = YES;
				CODE_SIGN_STYLE = Automatic;
				CURRENT_PROJECT_VERSION = 1;
				GENERATE_INFOPLIST_FILE = YES;
				MARKETING_VERSION = 1.0;
				PRODUCT_BUNDLE_IDENTIFIER = "bazdyrev.Star-WarsUITests";
				PRODUCT_NAME = "$(TARGET_NAME)";
				SWIFT_EMIT_LOC_STRINGS = NO;
				SWIFT_VERSION = 5.0;
				TARGETED_DEVICE_FAMILY = "1,2";
				TEST_TARGET_NAME = "Star Wars";
			};
			name = Debug;
		};
		84F859DC29864E1F00F63C09 /* Release */ = {
			isa = XCBuildConfiguration;
			buildSettings = {
				ALWAYS_EMBED_SWIFT_STANDARD_LIBRARIES = YES;
				CODE_SIGN_STYLE = Automatic;
				CURRENT_PROJECT_VERSION = 1;
				GENERATE_INFOPLIST_FILE = YES;
				MARKETING_VERSION = 1.0;
				PRODUCT_BUNDLE_IDENTIFIER = "bazdyrev.Star-WarsUITests";
				PRODUCT_NAME = "$(TARGET_NAME)";
				SWIFT_EMIT_LOC_STRINGS = NO;
				SWIFT_VERSION = 5.0;
				TARGETED_DEVICE_FAMILY = "1,2";
				TEST_TARGET_NAME = "Star Wars";
			};
			name = Release;
		};
/* End XCBuildConfiguration section */

/* Begin XCConfigurationList section */
		84F859A529864E1D00F63C09 /* Build configuration list for PBXProject "Star Wars" */ = {
			isa = XCConfigurationList;
			buildConfigurations = (
				84F859D229864E1F00F63C09 /* Debug */,
				84F859D329864E1F00F63C09 /* Release */,
			);
			defaultConfigurationIsVisible = 0;
			defaultConfigurationName = Release;
		};
		84F859D429864E1F00F63C09 /* Build configuration list for PBXNativeTarget "Star Wars" */ = {
			isa = XCConfigurationList;
			buildConfigurations = (
				84F859D529864E1F00F63C09 /* Debug */,
				84F859D629864E1F00F63C09 /* Release */,
			);
			defaultConfigurationIsVisible = 0;
			defaultConfigurationName = Release;
		};
		84F859D729864E1F00F63C09 /* Build configuration list for PBXNativeTarget "Star WarsTests" */ = {
			isa = XCConfigurationList;
			buildConfigurations = (
				84F859D829864E1F00F63C09 /* Debug */,
				84F859D929864E1F00F63C09 /* Release */,
			);
			defaultConfigurationIsVisible = 0;
			defaultConfigurationName = Release;
		};
		84F859DA29864E1F00F63C09 /* Build configuration list for PBXNativeTarget "Star WarsUITests" */ = {
			isa = XCConfigurationList;
			buildConfigurations = (
				84F859DB29864E1F00F63C09 /* Debug */,
				84F859DC29864E1F00F63C09 /* Release */,
			);
			defaultConfigurationIsVisible = 0;
			defaultConfigurationName = Release;
		};
/* End XCConfigurationList section */

/* Begin XCRemoteSwiftPackageReference section */
		846FC569298A44EB00EE629A /* XCRemoteSwiftPackageReference "Alamofire" */ = {
			isa = XCRemoteSwiftPackageReference;
			repositoryURL = "https://github.com/Alamofire/Alamofire";
			requirement = {
				kind = upToNextMajorVersion;
				minimumVersion = 5.0.0;
			};
		};
/* End XCRemoteSwiftPackageReference section */

/* Begin XCSwiftPackageProductDependency section */
		846FC56A298A44EB00EE629A /* Alamofire */ = {
			isa = XCSwiftPackageProductDependency;
			package = 846FC569298A44EB00EE629A /* XCRemoteSwiftPackageReference "Alamofire" */;
			productName = Alamofire;
		};
/* End XCSwiftPackageProductDependency section */
	};
	rootObject = 84F859A229864E1D00F63C09 /* Project object */;
}
